<?xml version="1.0" encoding="utf-8"?>
<Project ToolsVersion="4.0" xmlns="http://schemas.microsoft.com/developer/msbuild/2003">
  <ItemGroup>
    <Filter Include="src">
      <UniqueIdentifier>{06a465c6-235e-465e-b4e2-9b7f8593d69c}</UniqueIdentifier>
    </Filter>
    <Filter Include="src\interfaces">
      <UniqueIdentifier>{4cee6110-d0b8-48e8-9abc-b574bbc8fb02}</UniqueIdentifier>
    </Filter>
  </ItemGroup>
  <ItemGroup>
    <ClInclude Include="IAllocator.h">
      <Filter>src\interfaces</Filter>
    </ClInclude>
    <ClInclude Include="ISystem.h">
      <Filter>src\interfaces</Filter>
    </ClInclude>
    <ClInclude Include="IContext.h">
      <Filter>src\interfaces</Filter>
    </ClInclude>
    <ClInclude Include="IContainer.h">
      <Filter>src\interfaces</Filter>
    </ClInclude>
    <ClInclude Include="IString.h">
      <Filter>src\interfaces</Filter>
    </ClInclude>
    <ClInclude Include="IPath.h">
      <Filter>src\interfaces</Filter>
    </ClInclude>
    <ClInclude Include="IAsset.h">
      <Filter>src\interfaces</Filter>
    </ClInclude>
  </ItemGroup>
</Project>